{
  "name": "coderdojo-linz-website",
  "version": "1.0.0",
  "lockfileVersion": 2,
  "requires": true,
  "packages": {
    "": {
      "name": "coderdojo-linz-website",
      "version": "1.0.0",
      "license": "ISC",
      "dependencies": {
        "@fortawesome/fontawesome-free": "^5.13.0",
        "bootstrap": "^4.4.1"
      }
    },
    "node_modules/@fortawesome/fontawesome-free": {
      "version": "5.13.0",
      "resolved": "https://registry.npmjs.org/@fortawesome/fontawesome-free/-/fontawesome-free-5.13.0.tgz",
      "integrity": "sha512-xKOeQEl5O47GPZYIMToj6uuA2syyFlq9EMSl2ui0uytjY9xbe8XS0pexNWmxrdcCyNGyDmLyYw5FtKsalBUeOg==",
      "engines": {
        "node": ">=6"
      }
    },
    "node_modules/bootstrap": {
      "version": "4.4.1",
      "resolved": "https://registry.npmjs.org/bootstrap/-/bootstrap-4.4.1.tgz",
      "integrity": "sha512-tbx5cHubwE6e2ZG7nqM3g/FZ5PQEDMWmMGNrCUBVRPHXTJaH7CBDdsLeu3eCh3B1tzAxTnAbtmrzvWEvT2NNEA==",
      "engines": {
        "node": ">=6"
      },
      "funding": {
        "type": "opencollective",
        "url": "https://opencollective.com/bootstrap"
      },
      "peerDependencies": {
        "jquery": "1.9.1 - 3",
        "popper.js": "^1.16.0"
      }
    }
  },
  "dependencies": {
    "@fortawesome/fontawesome-free": {
      "version": "5.13.0",
      "resolved": "https://registry.npmjs.org/@fortawesome/fontawesome-free/-/fontawesome-free-5.13.0.tgz",
      "integrity": "sha512-xKOeQEl5O47GPZYIMToj6uuA2syyFlq9EMSl2ui0uytjY9xbe8XS0pexNWmxrdcCyNGyDmLyYw5FtKsalBUeOg=="
    },
    "bootstrap": {
      "version": "4.4.1",
      "resolved": "https://registry.npmjs.org/bootstrap/-/bootstrap-4.4.1.tgz",
      "integrity": "sha512-tbx5cHubwE6e2ZG7nqM3g/FZ5PQEDMWmMGNrCUBVRPHXTJaH7CBDdsLeu3eCh3B1tzAxTnAbtmrzvWEvT2NNEA=="
    }
  }
}
